
Microsoft Visual Studio Solution File, Format Version 12.00
# Visual Studio Version 16
VisualStudioVersion = 16.0.31019.35
MinimumVisualStudioVersion = 10.0.40219.1
Project("{FAE04EC0-301F-11D3-BF4B-00C04F79EFBC}") = "MiniProjekatHCI", "MiniProjekatHCI.csproj", "{36CCF6F5-23D2-45E6-85F7-DA1795DC14BD}"
EndProject
Global
	GlobalSection(SolutionConfigurationPlatforms) = preSolution
		Debug|Any CPU = Debug|Any CPU
		Release|Any CPU = Release|Any CPU
	EndGlobalSection
	GlobalSection(ProjectConfigurationPlatforms) = postSolution
		{36CCF6F5-23D2-45E6-85F7-DA1795DC14BD}.Debug|Any CPU.ActiveCfg = Debug|Any CPU
		{36CCF6F5-23D2-45E6-85F7-DA1795DC14BD}.Debug|Any CPU.Build.0 = Debug|Any CPU
		{36CCF6F5-23D2-45E6-85F7-DA1795DC14BD}.Release|Any CPU.ActiveCfg = Release|Any CPU
		{36CCF6F5-23D2-45E6-85F7-DA1795DC14BD}.Release|Any CPU.Build.0 = Release|Any CPU
	EndGlobalSection
	GlobalSection(SolutionProperties) = preSolution
		HideSolutionNode = FALSE
	EndGlobalSection
	GlobalSection(ExtensibilityGlobals) = postSolution
		SolutionGuid = {9A676E51-2A20-4EBD-8976-D29E838B6028}
	EndGlobalSection
EndGlobal
